
Microsoft Visual Studio Solution File, Format Version 12.00
# Visual Studio 15
VisualStudioVersion = 15.0.28307.572
MinimumVisualStudioVersion = 10.0.40219.1
Project("{FAE04EC0-301F-11D3-BF4B-00C04F79EFBC}") = "weatherappapi.tests", "weatherappapi.tests\weatherappapi.tests.csproj", "{9D29CB2B-BD84-412C-913B-7DEF61AA0499}"
EndProject
Project("{9A19103F-16F7-4668-BE54-9A1E7A4F7556}") = "weatherappapi", "weatherappapi\weatherappapi.csproj", "{0F6649A4-3F82-4880-9F69-F5F74D925EA1}"
EndProject
Global
	GlobalSection(SolutionConfigurationPlatforms) = preSolution
		Debug|Any CPU = Debug|Any CPU
		Release|Any CPU = Release|Any CPU
	EndGlobalSection
	GlobalSection(ProjectConfigurationPlatforms) = postSolution
		{9D29CB2B-BD84-412C-913B-7DEF61AA0499}.Debug|Any CPU.ActiveCfg = Debug|Any CPU
		{9D29CB2B-BD84-412C-913B-7DEF61AA0499}.Debug|Any CPU.Build.0 = Debug|Any CPU
		{9D29CB2B-BD84-412C-913B-7DEF61AA0499}.Release|Any CPU.ActiveCfg = Release|Any CPU
		{9D29CB2B-BD84-412C-913B-7DEF61AA0499}.Release|Any CPU.Build.0 = Release|Any CPU
		{0F6649A4-3F82-4880-9F69-F5F74D925EA1}.Debug|Any CPU.ActiveCfg = Debug|Any CPU
		{0F6649A4-3F82-4880-9F69-F5F74D925EA1}.Debug|Any CPU.Build.0 = Debug|Any CPU
		{0F6649A4-3F82-4880-9F69-F5F74D925EA1}.Release|Any CPU.ActiveCfg = Release|Any CPU
		{0F6649A4-3F82-4880-9F69-F5F74D925EA1}.Release|Any CPU.Build.0 = Release|Any CPU
	EndGlobalSection
	GlobalSection(SolutionProperties) = preSolution
		HideSolutionNode = FALSE
	EndGlobalSection
	GlobalSection(ExtensibilityGlobals) = postSolution
		SolutionGuid = {DF398F47-8E92-497E-AAF0-22DAF4DB6DA9}
	EndGlobalSection
EndGlobal
